// !$*UTF8*$!
{
	archiveVersion = 1;
	classes = {
	};
	objectVersion = 77;
	objects = {

/* Begin PBXContainerItemProxy section */
		00FADB6C2D6FC9CA00044928 /* PBXContainerItemProxy */ = {
			isa = PBXContainerItemProxy;
			containerPortal = 00FADB532D6FC9C800044928 /* Project object */;
			proxyType = 1;
			remoteGlobalIDString = 00FADB5A2D6FC9C800044928;
			remoteInfo = AllerGuard;
		};
		00FADB762D6FC9CA00044928 /* PBXContainerItemProxy */ = {
			isa = PBXContainerItemProxy;
			containerPortal = 00FADB532D6FC9C800044928 /* Project object */;
			proxyType = 1;
			remoteGlobalIDString = 00FADB5A2D6FC9C800044928;
			remoteInfo = AllerGuard;
		};
/* End PBXContainerItemProxy section */

/* Begin PBXFileReference section */
		00FADB5B2D6FC9C800044928 /* AllerGuard.app */ = {isa = PBXFileReference; explicitFileType = wrapper.application; includeInIndex = 0; path = AllerGuard.app; sourceTree = BUILT_PRODUCTS_DIR; };
		00FADB6B2D6FC9CA00044928 /* AllerGuardTests.xctest */ = {isa = PBXFileReference; explicitFileType = wrapper.cfbundle; includeInIndex = 0; path = AllerGuardTests.xctest; sourceTree = BUILT_PRODUCTS_DIR; };
		00FADB752D6FC9CA00044928 /* AllerGuardUITests.xctest */ = {isa = PBXFileReference; explicitFileType = wrapper.cfbundle; includeInIndex = 0; path = AllerGuardUITests.xctest; sourceTree = BUILT_PRODUCTS_DIR; };
/* End PBXFileReference section */

/* Begin PBXFileSystemSynchronizedRootGroup section */
		00FADB5D2D6FC9C800044928 /* AllerGuard */ = {
			isa = PBXFileSystemSynchronizedRootGroup;
			path = AllerGuard;
			sourceTree = "<group>";
		};
		00FADB6E2D6FC9CA00044928 /* AllerGuardTests */ = {
			isa = PBXFileSystemSynchronizedRootGroup;
			path = AllerGuardTests;
			sourceTree = "<group>";
		};
		00FADB782D6FC9CA00044928 /* AllerGuardUITests */ = {
			isa = PBXFileSystemSynchronizedRootGroup;
			path = AllerGuardUITests;
			sourceTree = "<group>";
		};
/* End PBXFileSystemSynchronizedRootGroup section */

/* Begin PBXFrameworksBuildPhase section */
		00FADB582D6FC9C800044928 /* Frameworks */ = {
			isa = PBXFrameworksBuildPhase;
			buildActionMask = 2147483647;
			files = (
			);
			runOnlyForDeploymentPostprocessing = 0;
		};
		00FADB682D6FC9CA00044928 /* Frameworks */ = {
			isa = PBXFrameworksBuildPhase;
			buildActionMask = 2147483647;
			files = (
			);
			runOnlyForDeploymentPostprocessing = 0;
		};
		00FADB722D6FC9CA00044928 /* Frameworks */ = {
			isa = PBXFrameworksBuildPhase;
			buildActionMask = 2147483647;
			files = (
			);
			runOnlyForDeploymentPostprocessing = 0;
		};
/* End PBXFrameworksBuildPhase section */

/* Begin PBXGroup section */
		00FADB522D6FC9C800044928 = {
			isa = PBXGroup;
			children = (
				00FADB5D2D6FC9C800044928 /* AllerGuard */,
				00FADB6E2D6FC9CA00044928 /* AllerGuardTests */,
				00FADB782D6FC9CA00044928 /* AllerGuardUITests */,
				00FADB5C2D6FC9C800044928 /* Products */,
			);
			sourceTree = "<group>";
		};
		00FADB5C2D6FC9C800044928 /* Products */ = {
			isa = PBXGroup;
			children = (
				00FADB5B2D6FC9C800044928 /* AllerGuard.app */,
				00FADB6B2D6FC9CA00044928 /* AllerGuardTests.xctest */,
				00FADB752D6FC9CA00044928 /* AllerGuardUITests.xctest */,
			);
			name = Products;
			sourceTree = "<group>";
		};
/* End PBXGroup section */

/* Begin PBXNativeTarget section */
		00FADB5A2D6FC9C800044928 /* AllerGuard */ = {
			isa = PBXNativeTarget;
			buildConfigurationList = 00FADB7F2D6FC9CA00044928 /* Build configuration list for PBXNativeTarget "AllerGuard" */;
			buildPhases = (
				00FADB572D6FC9C800044928 /* Sources */,
				00FADB582D6FC9C800044928 /* Frameworks */,
				00FADB592D6FC9C800044928 /* Resources */,
			);
			buildRules = (
			);
			dependencies = (
			);
			fileSystemSynchronizedGroups = (
				00FADB5D2D6FC9C800044928 /* AllerGuard */,
			);
			name = AllerGuard;
			packageProductDependencies = (
			);
			productName = AllerGuard;
			productReference = 00FADB5B2D6FC9C800044928 /* AllerGuard.app */;
			productType = "com.apple.product-type.application";
		};
		00FADB6A2D6FC9CA00044928 /* AllerGuardTests */ = {
			isa = PBXNativeTarget;
			buildConfigurationList = 00FADB822D6FC9CA00044928 /* Build configuration list for PBXNativeTarget "AllerGuardTests" */;
			buildPhases = (
				00FADB672D6FC9CA00044928 /* Sources */,
				00FADB682D6FC9CA00044928 /* Frameworks */,
				00FADB692D6FC9CA00044928 /* Resources */,
			);
			buildRules = (
			);
			dependencies = (
				00FADB6D2D6FC9CA00044928 /* PBXTargetDependency */,
			);
			fileSystemSynchronizedGroups = (
				00FADB6E2D6FC9CA00044928 /* AllerGuardTests */,
			);
			name = AllerGuardTests;
			packageProductDependencies = (
			);
			productName = AllerGuardTests;
			productReference = 00FADB6B2D6FC9CA00044928 /* AllerGuardTests.xctest */;
			productType = "com.apple.product-type.bundle.unit-test";
		};
		00FADB742D6FC9CA00044928 /* AllerGuardUITests */ = {
			isa = PBXNativeTarget;
			buildConfigurationList = 00FADB852D6FC9CA00044928 /* Build configuration list for PBXNativeTarget "AllerGuardUITests" */;
			buildPhases = (
				00FADB712D6FC9CA00044928 /* Sources */,
				00FADB722D6FC9CA00044928 /* Frameworks */,
				00FADB732D6FC9CA00044928 /* Resources */,
			);
			buildRules = (
			);
			dependencies = (
				00FADB772D6FC9CA00044928 /* PBXTargetDependency */,
			);
			fileSystemSynchronizedGroups = (
				00FADB782D6FC9CA00044928 /* AllerGuardUITests */,
			);
			name = AllerGuardUITests;
			packageProductDependencies = (
			);
			productName = AllerGuardUITests;
			productReference = 00FADB752D6FC9CA00044928 /* AllerGuardUITests.xctest */;
			productType = "com.apple.product-type.bundle.ui-testing";
		};
/* End PBXNativeTarget section */

/* Begin PBXProject section */
		00FADB532D6FC9C800044928 /* Project object */ = {
			isa = PBXProject;
			attributes = {
				BuildIndependentTargetsInParallel = 1;
				LastSwiftUpdateCheck = 1620;
				LastUpgradeCheck = 1620;
				TargetAttributes = {
					00FADB5A2D6FC9C800044928 = {
						CreatedOnToolsVersion = 16.2;
					};
					00FADB6A2D6FC9CA00044928 = {
						CreatedOnToolsVersion = 16.2;
						TestTargetID = 00FADB5A2D6FC9C800044928;
					};
					00FADB742D6FC9CA00044928 = {
						CreatedOnToolsVersion = 16.2;
						TestTargetID = 00FADB5A2D6FC9C800044928;
					};
				};
			};
			buildConfigurationList = 00FADB562D6FC9C800044928 /* Build configuration list for PBXProject "AllerGuard" */;
			developmentRegion = en;
			hasScannedForEncodings = 0;
			knownRegions = (
				en,
				Base,
			);
			mainGroup = 00FADB522D6FC9C800044928;
			minimizedProjectReferenceProxies = 1;
			preferredProjectObjectVersion = 77;
			productRefGroup = 00FADB5C2D6FC9C800044928 /* Products */;
			projectDirPath = "";
			projectRoot = "";
			targets = (
				00FADB5A2D6FC9C800044928 /* AllerGuard */,
				00FADB6A2D6FC9CA00044928 /* AllerGuardTests */,
				00FADB742D6FC9CA00044928 /* AllerGuardUITests */,
			);
		};
/* End PBXProject section */

/* Begin PBXResourcesBuildPhase section */
		00FADB592D6FC9C800044928 /* Resources */ = {
			isa = PBXResourcesBuildPhase;
			buildActionMask = 2147483647;
			files = (
			);
			runOnlyForDeploymentPostprocessing = 0;
		};
		00FADB692D6FC9CA00044928 /* Resources */ = {
			isa = PBXResourcesBuildPhase;
			buildActionMask = 2147483647;
			files = (
			);
			runOnlyForDeploymentPostprocessing = 0;
		};
		00FADB732D6FC9CA00044928 /* Resources */ = {
			isa = PBXResourcesBuildPhase;
			buildActionMask = 2147483647;
			files = (
			);
			runOnlyForDeploymentPostprocessing = 0;
		};
/* End PBXResourcesBuildPhase section */

/* Begin PBXSourcesBuildPhase section */
		00FADB572D6FC9C800044928 /* Sources */ = {
			isa = PBXSourcesBuildPhase;
			buildActionMask = 2147483647;
			files = (
			);
			runOnlyForDeploymentPostprocessing = 0;
		};
		00FADB672D6FC9CA00044928 /* Sources */ = {
			isa = PBXSourcesBuildPhase;
			buildActionMask = 2147483647;
			files = (
			);
			runOnlyForDeploymentPostprocessing = 0;
		};
		00FADB712D6FC9CA00044928 /* Sources */ = {
			isa = PBXSourcesBuildPhase;
			buildActionMask = 2147483647;
			files = (
			);
			runOnlyForDeploymentPostprocessing = 0;
		};
/* End PBXSourcesBuildPhase section */

/* Begin PBXTargetDependency section */
		00FADB6D2D6FC9CA00044928 /* PBXTargetDependency */ = {
			isa = PBXTargetDependency;
			target = 00FADB5A2D6FC9C800044928 /* AllerGuard */;
			targetProxy = 00FADB6C2D6FC9CA00044928 /* PBXContainerItemProxy */;
		};
		00FADB772D6FC9CA00044928 /* PBXTargetDependency */ = {
			isa = PBXTargetDependency;
			target = 00FADB5A2D6FC9C800044928 /* AllerGuard */;
			targetProxy = 00FADB762D6FC9CA00044928 /* PBXContainerItemProxy */;
		};
/* End PBXTargetDependency section */

/* Begin XCBuildConfiguration section */
		00FADB7D2D6FC9CA00044928 /* Debug */ = {
			isa = XCBuildConfiguration;
			buildSettings = {
				ALWAYS_SEARCH_USER_PATHS = NO;
				ASSETCATALOG_COMPILER_GENERATE_SWIFT_ASSET_SYMBOL_EXTENSIONS = YES;
				CLANG_ANALYZER_NONNULL = YES;
				CLANG_ANALYZER_NUMBER_OBJECT_CONVERSION = YES_AGGRESSIVE;
				CLANG_CXX_LANGUAGE_STANDARD = "gnu++20";
				CLANG_ENABLE_MODULES = YES;
				CLANG_ENABLE_OBJC_ARC = YES;
				CLANG_ENABLE_OBJC_WEAK = YES;
				CLANG_WARN_BLOCK_CAPTURE_AUTORELEASING = YES;
				CLANG_WARN_BOOL_CONVERSION = YES;
				CLANG_WARN_COMMA = YES;
				CLANG_WARN_CONSTANT_CONVERSION = YES;
				CLANG_WARN_DEPRECATED_OBJC_IMPLEMENTATIONS = YES;
				CLANG_WARN_DIRECT_OBJC_ISA_USAGE = YES_ERROR;
				CLANG_WARN_DOCUMENTATION_COMMENTS = YES;
				CLANG_WARN_EMPTY_BODY = YES;
				CLANG_WARN_ENUM_CONVERSION = YES;
				CLANG_WARN_INFINITE_RECURSION = YES;
				CLANG_WARN_INT_CONVERSION = YES;
				CLANG_WARN_NON_LITERAL_NULL_CONVERSION = YES;
				CLANG_WARN_OBJC_IMPLICIT_RETAIN_SELF = YES;
				CLANG_WARN_OBJC_LITERAL_CONVERSION = YES;
				CLANG_WARN_OBJC_ROOT_CLASS = YES_ERROR;
				CLANG_WARN_QUOTED_INCLUDE_IN_FRAMEWORK_HEADER = YES;
				CLANG_WARN_RANGE_LOOP_ANALYSIS = YES;
				CLANG_WARN_STRICT_PROTOTYPES = YES;
				CLANG_WARN_SUSPICIOUS_MOVE = YES;
				CLANG_WARN_UNGUARDED_AVAILABILITY = YES_AGGRESSIVE;
				CLANG_WARN_UNREACHABLE_CODE = YES;
				CLANG_WARN__DUPLICATE_METHOD_MATCH = YES;
				COPY_PHASE_STRIP = NO;
				DEBUG_INFORMATION_FORMAT = dwarf;
				ENABLE_STRICT_OBJC_MSGSEND = YES;
				ENABLE_TESTABILITY = YES;
				ENABLE_USER_SCRIPT_SANDBOXING = YES;
				GCC_C_LANGUAGE_STANDARD = gnu17;
				GCC_DYNAMIC_NO_PIC = NO;
				GCC_NO_COMMON_BLOCKS = YES;
				GCC_OPTIMIZATION_LEVEL = 0;
				GCC_PREPROCESSOR_DEFINITIONS = (
					"DEBUG=1",
					"$(inherited)",
				);
				GCC_WARN_64_TO_32_BIT_CONVERSION = YES;
				GCC_WARN_ABOUT_RETURN_TYPE = YES_ERROR;
				GCC_WARN_UNDECLARED_SELECTOR = YES;
				GCC_WARN_UNINITIALIZED_AUTOS = YES_AGGRESSIVE;
				GCC_WARN_UNUSED_FUNCTION = YES;
				GCC_WARN_UNUSED_VARIABLE = YES;
				IPHONEOS_DEPLOYMENT_TARGET = 18.2;
				LOCALIZATION_PREFERS_STRING_CATALOGS = YES;
				MTL_ENABLE_DEBUG_INFO = INCLUDE_SOURCE;
				MTL_FAST_MATH = YES;
				ONLY_ACTIVE_ARCH = YES;
				SDKROOT = iphoneos;
				SWIFT_ACTIVE_COMPILATION_CONDITIONS = "DEBUG $(inherited)";
				SWIFT_OPTIMIZATION_LEVEL = "-Onone";
			};
			name = Debug;
		};
		00FADB7E2D6FC9CA00044928 /* Release */ = {
			isa = XCBuildConfiguration;
			buildSettings = {
				ALWAYS_SEARCH_USER_PATHS = NO;
				ASSETCATALOG_COMPILER_GENERATE_SWIFT_ASSET_SYMBOL_EXTENSIONS = YES;
				CLANG_ANALYZER_NONNULL = YES;
				CLANG_ANALYZER_NUMBER_OBJECT_CONVERSION = YES_AGGRESSIVE;
				CLANG_CXX_LANGUAGE_STANDARD = "gnu++20";
				CLANG_ENABLE_MODULES = YES;
				CLANG_ENABLE_OBJC_ARC = YES;
				CLANG_ENABLE_OBJC_WEAK = YES;
				CLANG_WARN_BLOCK_CAPTURE_AUTORELEASING = YES;
				CLANG_WARN_BOOL_CONVERSION = YES;
				CLANG_WARN_COMMA = YES;
				CLANG_WARN_CONSTANT_CONVERSION = YES;
				CLANG_WARN_DEPRECATED_OBJC_IMPLEMENTATIONS = YES;
				CLANG_WARN_DIRECT_OBJC_ISA_USAGE = YES_ERROR;
				CLANG_WARN_DOCUMENTATION_COMMENTS = YES;
				CLANG_WARN_EMPTY_BODY = YES;
				CLANG_WARN_ENUM_CONVERSION = YES;
				CLANG_WARN_INFINITE_RECURSION = YES;
				CLANG_WARN_INT_CONVERSION = YES;
				CLANG_WARN_NON_LITERAL_NULL_CONVERSION = YES;
				CLANG_WARN_OBJC_IMPLICIT_RETAIN_SELF = YES;
				CLANG_WARN_OBJC_LITERAL_CONVERSION = YES;
				CLANG_WARN_OBJC_ROOT_CLASS = YES_ERROR;
				CLANG_WARN_QUOTED_INCLUDE_IN_FRAMEWORK_HEADER = YES;
				CLANG_WARN_RANGE_LOOP_ANALYSIS = YES;
				CLANG_WARN_STRICT_PROTOTYPES = YES;
				CLANG_WARN_SUSPICIOUS_MOVE = YES;
				CLANG_WARN_UNGUARDED_AVAILABILITY = YES_AGGRESSIVE;
				CLANG_WARN_UNREACHABLE_CODE = YES;
				CLANG_WARN__DUPLICATE_METHOD_MATCH = YES;
				COPY_PHASE_STRIP = NO;
				DEBUG_INFORMATION_FORMAT = "dwarf-with-dsym";
				ENABLE_NS_ASSERTIONS = NO;
				ENABLE_STRICT_OBJC_MSGSEND = YES;
				ENABLE_USER_SCRIPT_SANDBOXING = YES;
				GCC_C_LANGUAGE_STANDARD = gnu17;
				GCC_NO_COMMON_BLOCKS = YES;
				GCC_WARN_64_TO_32_BIT_CONVERSION = YES;
				GCC_WARN_ABOUT_RETURN_TYPE = YES_ERROR;
				GCC_WARN_UNDECLARED_SELECTOR = YES;
				GCC_WARN_UNINITIALIZED_AUTOS = YES_AGGRESSIVE;
				GCC_WARN_UNUSED_FUNCTION = YES;
				GCC_WARN_UNUSED_VARIABLE = YES;
				IPHONEOS_DEPLOYMENT_TARGET = 18.2;
				LOCALIZATION_PREFERS_STRING_CATALOGS = YES;
				MTL_ENABLE_DEBUG_INFO = NO;
				MTL_FAST_MATH = YES;
				SDKROOT = iphoneos;
				SWIFT_COMPILATION_MODE = wholemodule;
				VALIDATE_PRODUCT = YES;
			};
			name = Release;
		};
		00FADB802D6FC9CA00044928 /* Debug */ = {
			isa = XCBuildConfiguration;
			buildSettings = {
				ASSETCATALOG_COMPILER_APPICON_NAME = AppIcon;
				ASSETCATALOG_COMPILER_GLOBAL_ACCENT_COLOR_NAME = AccentColor;
				CODE_SIGN_STYLE = Automatic;
				CURRENT_PROJECT_VERSION = 1;
				DEVELOPMENT_ASSET_PATHS = "\"AllerGuard/Preview Content\"";
				DEVELOPMENT_TEAM = CY47J5Y7J3;
				ENABLE_PREVIEWS = YES;
				GENERATE_INFOPLIST_FILE = YES;
				INFOPLIST_KEY_UIApplicationSceneManifest_Generation = YES;
				INFOPLIST_KEY_UIApplicationSupportsIndirectInputEvents = YES;
				INFOPLIST_KEY_UILaunchScreen_Generation = YES;
				INFOPLIST_KEY_UISupportedInterfaceOrientations_iPad = "UIInterfaceOrientationPortrait UIInterfaceOrientationPortraitUpsideDown UIInterfaceOrientationLandscapeLeft UIInterfaceOrientationLandscapeRight";
				INFOPLIST_KEY_UISupportedInterfaceOrientations_iPhone = "UIInterfaceOrientationPortrait UIInterfaceOrientationLandscapeLeft UIInterfaceOrientationLandscapeRight";
				LD_RUNPATH_SEARCH_PATHS = (
					"$(inherited)",
					"@executable_path/Frameworks",
				);
				MARKETING_VERSION = 1.0;
				PRODUCT_BUNDLE_IDENTIFIER = com.allergy.guard.AllerGuard;
				PRODUCT_NAME = "$(TARGET_NAME)";
				SWIFT_EMIT_LOC_STRINGS = YES;
				SWIFT_VERSION = 5.0;
				TARGETED_DEVICE_FAMILY = "1,2";
			};
			name = Debug;
		};
		00FADB812D6FC9CA00044928 /* Release */ = {
			isa = XCBuildConfiguration;
			buildSettings = {
				ASSETCATALOG_COMPILER_APPICON_NAME = AppIcon;
				ASSETCATALOG_COMPILER_GLOBAL_ACCENT_COLOR_NAME = AccentColor;
				CODE_SIGN_STYLE = Automatic;
				CURRENT_PROJECT_VERSION = 1;
				DEVELOPMENT_ASSET_PATHS = "\"AllerGuard/Preview Content\"";
				DEVELOPMENT_TEAM = CY47J5Y7J3;
				ENABLE_PREVIEWS = YES;
				GENERATE_INFOPLIST_FILE = YES;
				INFOPLIST_KEY_UIApplicationSceneManifest_Generation = YES;
				INFOPLIST_KEY_UIApplicationSupportsIndirectInputEvents = YES;
				INFOPLIST_KEY_UILaunchScreen_Generation = YES;
				INFOPLIST_KEY_UISupportedInterfaceOrientations_iPad = "UIInterfaceOrientationPortrait UIInterfaceOrientationPortraitUpsideDown UIInterfaceOrientationLandscapeLeft UIInterfaceOrientationLandscapeRight";
				INFOPLIST_KEY_UISupportedInterfaceOrientations_iPhone = "UIInterfaceOrientationPortrait UIInterfaceOrientationLandscapeLeft UIInterfaceOrientationLandscapeRight";
				LD_RUNPATH_SEARCH_PATHS = (
					"$(inherited)",
					"@executable_path/Frameworks",
				);
				MARKETING_VERSION = 1.0;
				PRODUCT_BUNDLE_IDENTIFIER = com.allergy.guard.AllerGuard;
				PRODUCT_NAME = "$(TARGET_NAME)";
				SWIFT_EMIT_LOC_STRINGS = YES;
				SWIFT_VERSION = 5.0;
				TARGETED_DEVICE_FAMILY = "1,2";
			};
			name = Release;
		};
		00FADB832D6FC9CA00044928 /* Debug */ = {
			isa = XCBuildConfiguration;
			buildSettings = {
				BUNDLE_LOADER = "$(TEST_HOST)";
				CODE_SIGN_STYLE = Automatic;
				CURRENT_PROJECT_VERSION = 1;
				DEVELOPMENT_TEAM = CY47J5Y7J3;
				GENERATE_INFOPLIST_FILE = YES;
				IPHONEOS_DEPLOYMENT_TARGET = 18.2;
				MARKETING_VERSION = 1.0;
				PRODUCT_BUNDLE_IDENTIFIER = com.allergy.guard.AllerGuardTests;
				PRODUCT_NAME = "$(TARGET_NAME)";
				SWIFT_EMIT_LOC_STRINGS = NO;
				SWIFT_VERSION = 5.0;
				TARGETED_DEVICE_FAMILY = "1,2";
				TEST_HOST = "$(BUILT_PRODUCTS_DIR)/AllerGuard.app/$(BUNDLE_EXECUTABLE_FOLDER_PATH)/AllerGuard";
			};
			name = Debug;
		};
		00FADB842D6FC9CA00044928 /* Release */ = {
			isa = XCBuildConfiguration;
			buildSettings = {
				BUNDLE_LOADER = "$(TEST_HOST)";
				CODE_SIGN_STYLE = Automatic;
				CURRENT_PROJECT_VERSION = 1;
				DEVELOPMENT_TEAM = CY47J5Y7J3;
				GENERATE_INFOPLIST_FILE = YES;
				IPHONEOS_DEPLOYMENT_TARGET = 18.2;
				MARKETING_VERSION = 1.0;
				PRODUCT_BUNDLE_IDENTIFIER = com.allergy.guard.AllerGuardTests;
				PRODUCT_NAME = "$(TARGET_NAME)";
				SWIFT_EMIT_LOC_STRINGS = NO;
				SWIFT_VERSION = 5.0;
				TARGETED_DEVICE_FAMILY = "1,2";
				TEST_HOST = "$(BUILT_PRODUCTS_DIR)/AllerGuard.app/$(BUNDLE_EXECUTABLE_FOLDER_PATH)/AllerGuard";
			};
			name = Release;
		};
		00FADB862D6FC9CA00044928 /* Debug */ = {
			isa = XCBuildConfiguration;
			buildSettings = {
				CODE_SIGN_STYLE = Automatic;
				CURRENT_PROJECT_VERSION = 1;
				DEVELOPMENT_TEAM = CY47J5Y7J3;
				GENERATE_INFOPLIST_FILE = YES;
				MARKETING_VERSION = 1.0;
				PRODUCT_BUNDLE_IDENTIFIER = com.allergy.guard.AllerGuardUITests;
				PRODUCT_NAME = "$(TARGET_NAME)";
				SWIFT_EMIT_LOC_STRINGS = NO;
				SWIFT_VERSION = 5.0;
				TARGETED_DEVICE_FAMILY = "1,2";
				TEST_TARGET_NAME = AllerGuard;
			};
			name = Debug;
		};
		00FADB872D6FC9CA00044928 /* Release */ = {
			isa = XCBuildConfiguration;
			buildSettings = {
				CODE_SIGN_STYLE = Automatic;
				CURRENT_PROJECT_VERSION = 1;
				DEVELOPMENT_TEAM = CY47J5Y7J3;
				GENERATE_INFOPLIST_FILE = YES;
				MARKETING_VERSION = 1.0;
				PRODUCT_BUNDLE_IDENTIFIER = com.allergy.guard.AllerGuardUITests;
				PRODUCT_NAME = "$(TARGET_NAME)";
				SWIFT_EMIT_LOC_STRINGS = NO;
				SWIFT_VERSION = 5.0;
				TARGETED_DEVICE_FAMILY = "1,2";
				TEST_TARGET_NAME = AllerGuard;
			};
			name = Release;
		};
/* End XCBuildConfiguration section */

/* Begin XCConfigurationList section */
		00FADB562D6FC9C800044928 /* Build configuration list for PBXProject "AllerGuard" */ = {
			isa = XCConfigurationList;
			buildConfigurations = (
				00FADB7D2D6FC9CA00044928 /* Debug */,
				00FADB7E2D6FC9CA00044928 /* Release */,
			);
			defaultConfigurationIsVisible = 0;
			defaultConfigurationName = Release;
		};
		00FADB7F2D6FC9CA00044928 /* Build configuration list for PBXNativeTarget "AllerGuard" */ = {
			isa = XCConfigurationList;
			buildConfigurations = (
				00FADB802D6FC9CA00044928 /* Debug */,
				00FADB812D6FC9CA00044928 /* Release */,
			);
			defaultConfigurationIsVisible = 0;
			defaultConfigurationName = Release;
		};
		00FADB822D6FC9CA00044928 /* Build configuration list for PBXNativeTarget "AllerGuardTests" */ = {
			isa = XCConfigurationList;
			buildConfigurations = (
				00FADB832D6FC9CA00044928 /* Debug */,
				00FADB842D6FC9CA00044928 /* Release */,
			);
			defaultConfigurationIsVisible = 0;
			defaultConfigurationName = Release;
		};
		00FADB852D6FC9CA00044928 /* Build configuration list for PBXNativeTarget "AllerGuardUITests" */ = {
			isa = XCConfigurationList;
			buildConfigurations = (
				00FADB862D6FC9CA00044928 /* Debug */,
				00FADB872D6FC9CA00044928 /* Release */,
			);
			defaultConfigurationIsVisible = 0;
			defaultConfigurationName = Release;
		};
/* End XCConfigurationList section */
	};
	rootObject = 00FADB532D6FC9C800044928 /* Project object */;
}
